
Microsoft Visual Studio Solution File, Format Version 12.00
# Visual Studio Version 16
VisualStudioVersion = 16.0.30011.22
MinimumVisualStudioVersion = 10.0.40219.1
Project("{FAE04EC0-301F-11D3-BF4B-00C04F79EFBC}") = "ApiGateway", "ApiGateway\ApiGateway.csproj", "{71BCEEEF-DD57-4018-B029-35F8649B116B}"
EndProject
Project("{FAE04EC0-301F-11D3-BF4B-00C04F79EFBC}") = "BookApi", "BookApi\BookApi.csproj", "{B58DD085-D557-48E9-B539-67AE6CA83788}"
EndProject
Project("{FAE04EC0-301F-11D3-BF4B-00C04F79EFBC}") = "PassengerApi", "PassengerApi\PassengerApi.csproj", "{4778F5E9-67F1-4828-95ED-D8CA0FD903D8}"
EndProject
Global
	GlobalSection(SolutionConfigurationPlatforms) = preSolution
		Debug|Any CPU = Debug|Any CPU
		Release|Any CPU = Release|Any CPU
	EndGlobalSection
	GlobalSection(ProjectConfigurationPlatforms) = postSolution
		{71BCEEEF-DD57-4018-B029-35F8649B116B}.Debug|Any CPU.ActiveCfg = Debug|Any CPU
		{71BCEEEF-DD57-4018-B029-35F8649B116B}.Debug|Any CPU.Build.0 = Debug|Any CPU
		{71BCEEEF-DD57-4018-B029-35F8649B116B}.Release|Any CPU.ActiveCfg = Release|Any CPU
		{71BCEEEF-DD57-4018-B029-35F8649B116B}.Release|Any CPU.Build.0 = Release|Any CPU
		{B58DD085-D557-48E9-B539-67AE6CA83788}.Debug|Any CPU.ActiveCfg = Debug|Any CPU
		{B58DD085-D557-48E9-B539-67AE6CA83788}.Debug|Any CPU.Build.0 = Debug|Any CPU
		{B58DD085-D557-48E9-B539-67AE6CA83788}.Release|Any CPU.ActiveCfg = Release|Any CPU
		{B58DD085-D557-48E9-B539-67AE6CA83788}.Release|Any CPU.Build.0 = Release|Any CPU
		{4778F5E9-67F1-4828-95ED-D8CA0FD903D8}.Debug|Any CPU.ActiveCfg = Debug|Any CPU
		{4778F5E9-67F1-4828-95ED-D8CA0FD903D8}.Debug|Any CPU.Build.0 = Debug|Any CPU
		{4778F5E9-67F1-4828-95ED-D8CA0FD903D8}.Release|Any CPU.ActiveCfg = Release|Any CPU
		{4778F5E9-67F1-4828-95ED-D8CA0FD903D8}.Release|Any CPU.Build.0 = Release|Any CPU
	EndGlobalSection
	GlobalSection(SolutionProperties) = preSolution
		HideSolutionNode = FALSE
	EndGlobalSection
	GlobalSection(ExtensibilityGlobals) = postSolution
		SolutionGuid = {4906B40D-1A78-4A59-BBFA-9B2B87527CDD}
	EndGlobalSection
EndGlobal
